
Microsoft Visual Studio Solution File, Format Version 12.00
# Visual Studio Version 16
VisualStudioVersion = 16.0.29709.97
MinimumVisualStudioVersion = 10.0.40219.1
Project("{9A19103F-16F7-4668-BE54-9A1E7A4F7556}") = "QuickSC.Test", "QuickSC.Test\QuickSC.Test.csproj", "{13B89566-6ECB-48A4-AFD6-8C418ABBCA2F}"
EndProject
Project("{9A19103F-16F7-4668-BE54-9A1E7A4F7556}") = "QuickSC.Core", "QuickSC.Core\QuickSC.Core.csproj", "{B83FE61D-784A-4D0E-84F4-A4F7651C7F58}"
EndProject
Project("{9A19103F-16F7-4668-BE54-9A1E7A4F7556}") = "QuickSC.Syntax", "QuickSC.Syntax\QuickSC.Syntax.csproj", "{F6B8F731-DFF5-4D9A-9D0E-6EDDAE7606E1}"
EndProject
Project("{2150E333-8FDC-42A3-9474-1A3956D46DE8}") = "Solution Items", "Solution Items", "{BA64BA54-0FC5-4A4F-8799-A322BA35DB92}"
	ProjectSection(SolutionItems) = preProject
		.editorconfig = .editorconfig
		Directory.Build.props = Directory.Build.props
	EndProjectSection
EndProject
Project("{9A19103F-16F7-4668-BE54-9A1E7A4F7556}") = "QuickSC.Infra", "QuickSC.Infra\QuickSC.Infra.csproj", "{526AB635-E0D2-4F7A-8F16-F7C435AFCE62}"
EndProject
Project("{9A19103F-16F7-4668-BE54-9A1E7A4F7556}") = "QuickSC.Shell", "QuickSC.Shell\QuickSC.Shell.csproj", "{BF9870D5-4D3C-4962-95E7-B65BB31D5EBC}"
EndProject
Project("{2150E333-8FDC-42A3-9474-1A3956D46DE8}") = "App", "App", "{D3742362-AB1A-4904-BAFE-ECAFDA20D195}"
EndProject
Project("{9A19103F-16F7-4668-BE54-9A1E7A4F7556}") = "QuickSC.Blazor", "QuickSC.Blazor\QuickSC.Blazor.csproj", "{F7B4BA40-6524-46FA-8252-409BBD03882F}"
EndProject
Project("{9A19103F-16F7-4668-BE54-9A1E7A4F7556}") = "Gum.StaticAnalysis", "External\Gum.StaticAnalysis\Gum.StaticAnalysis.csproj", "{B5EED9F4-2DD5-46CE-BD0E-A3713650E99E}"
EndProject
Project("{9A19103F-16F7-4668-BE54-9A1E7A4F7556}") = "QuickSC.RuntimeModule", "QuickSC.RuntimeModule\QuickSC.RuntimeModule.csproj", "{7394899B-FBCC-40AB-B334-A0408C979121}"
EndProject
Project("{9A19103F-16F7-4668-BE54-9A1E7A4F7556}") = "Gum.Syntax", "External\Gum.Syntax\Gum.Syntax.csproj", "{25914EF3-5AAC-405E-AC63-170A9281ED8A}"
EndProject
Project("{2150E333-8FDC-42A3-9474-1A3956D46DE8}") = "Syntax", "Syntax", "{27B4439D-C506-456B-BA59-076C6AF9A056}"
EndProject
Project("{9A19103F-16F7-4668-BE54-9A1E7A4F7556}") = "Gum.TextAnalysis", "External\Gum.TextAnalysis\Gum.TextAnalysis.csproj", "{D26FE959-1E77-4120-8D6D-2EB4E16B054F}"
EndProject
Project("{2150E333-8FDC-42A3-9474-1A3956D46DE8}") = "Gum", "Gum", "{024BC1EB-EDA9-4D39-94CB-5E55E70C38B8}"
EndProject
Project("{9A19103F-16F7-4668-BE54-9A1E7A4F7556}") = "Gum.TextAnalysis.Test", "External\Gum.TextAnalysis.Test\Gum.TextAnalysis.Test.csproj", "{D89B0F16-B494-4EFD-8582-6B2A6D5D83E3}"
EndProject
Project("{9A19103F-16F7-4668-BE54-9A1E7A4F7556}") = "Gum.ModuleInfo", "External\Gum.ModuleInfo\Gum.ModuleInfo.csproj", "{189799FC-8ACF-4A51-8D9A-5F59648183AD}"
EndProject
Project("{9A19103F-16F7-4668-BE54-9A1E7A4F7556}") = "Gum.Infra", "External\Gum.Infra\Gum.Infra.csproj", "{764D76EA-F92A-4F09-8589-7AD871770815}"
EndProject
Project("{9A19103F-16F7-4668-BE54-9A1E7A4F7556}") = "Gum.Runtime", "External\Gum.Runtime\Gum.Runtime.csproj", "{16A064CC-7EA7-4B9B-8C14-C1223EC7FCF4}"
EndProject
Global
	GlobalSection(SolutionConfigurationPlatforms) = preSolution
		Debug|Any CPU = Debug|Any CPU
		Release|Any CPU = Release|Any CPU
	EndGlobalSection
	GlobalSection(ProjectConfigurationPlatforms) = postSolution
		{13B89566-6ECB-48A4-AFD6-8C418ABBCA2F}.Debug|Any CPU.ActiveCfg = Debug|Any CPU
		{13B89566-6ECB-48A4-AFD6-8C418ABBCA2F}.Debug|Any CPU.Build.0 = Debug|Any CPU
		{13B89566-6ECB-48A4-AFD6-8C418ABBCA2F}.Release|Any CPU.ActiveCfg = Release|Any CPU
		{13B89566-6ECB-48A4-AFD6-8C418ABBCA2F}.Release|Any CPU.Build.0 = Release|Any CPU
		{B83FE61D-784A-4D0E-84F4-A4F7651C7F58}.Debug|Any CPU.ActiveCfg = Debug|Any CPU
		{B83FE61D-784A-4D0E-84F4-A4F7651C7F58}.Debug|Any CPU.Build.0 = Debug|Any CPU
		{B83FE61D-784A-4D0E-84F4-A4F7651C7F58}.Release|Any CPU.ActiveCfg = Release|Any CPU
		{B83FE61D-784A-4D0E-84F4-A4F7651C7F58}.Release|Any CPU.Build.0 = Release|Any CPU
		{F6B8F731-DFF5-4D9A-9D0E-6EDDAE7606E1}.Debug|Any CPU.ActiveCfg = Debug|Any CPU
		{F6B8F731-DFF5-4D9A-9D0E-6EDDAE7606E1}.Debug|Any CPU.Build.0 = Debug|Any CPU
		{F6B8F731-DFF5-4D9A-9D0E-6EDDAE7606E1}.Release|Any CPU.ActiveCfg = Release|Any CPU
		{F6B8F731-DFF5-4D9A-9D0E-6EDDAE7606E1}.Release|Any CPU.Build.0 = Release|Any CPU
		{526AB635-E0D2-4F7A-8F16-F7C435AFCE62}.Debug|Any CPU.ActiveCfg = Debug|Any CPU
		{526AB635-E0D2-4F7A-8F16-F7C435AFCE62}.Debug|Any CPU.Build.0 = Debug|Any CPU
		{526AB635-E0D2-4F7A-8F16-F7C435AFCE62}.Release|Any CPU.ActiveCfg = Release|Any CPU
		{526AB635-E0D2-4F7A-8F16-F7C435AFCE62}.Release|Any CPU.Build.0 = Release|Any CPU
		{BF9870D5-4D3C-4962-95E7-B65BB31D5EBC}.Debug|Any CPU.ActiveCfg = Debug|Any CPU
		{BF9870D5-4D3C-4962-95E7-B65BB31D5EBC}.Debug|Any CPU.Build.0 = Debug|Any CPU
		{BF9870D5-4D3C-4962-95E7-B65BB31D5EBC}.Release|Any CPU.ActiveCfg = Release|Any CPU
		{BF9870D5-4D3C-4962-95E7-B65BB31D5EBC}.Release|Any CPU.Build.0 = Release|Any CPU
		{F7B4BA40-6524-46FA-8252-409BBD03882F}.Debug|Any CPU.ActiveCfg = Debug|Any CPU
		{F7B4BA40-6524-46FA-8252-409BBD03882F}.Debug|Any CPU.Build.0 = Debug|Any CPU
		{F7B4BA40-6524-46FA-8252-409BBD03882F}.Release|Any CPU.ActiveCfg = Release|Any CPU
		{F7B4BA40-6524-46FA-8252-409BBD03882F}.Release|Any CPU.Build.0 = Release|Any CPU
		{B5EED9F4-2DD5-46CE-BD0E-A3713650E99E}.Debug|Any CPU.ActiveCfg = Debug|Any CPU
		{B5EED9F4-2DD5-46CE-BD0E-A3713650E99E}.Debug|Any CPU.Build.0 = Debug|Any CPU
		{B5EED9F4-2DD5-46CE-BD0E-A3713650E99E}.Release|Any CPU.ActiveCfg = Release|Any CPU
		{B5EED9F4-2DD5-46CE-BD0E-A3713650E99E}.Release|Any CPU.Build.0 = Release|Any CPU
		{7394899B-FBCC-40AB-B334-A0408C979121}.Debug|Any CPU.ActiveCfg = Debug|Any CPU
		{7394899B-FBCC-40AB-B334-A0408C979121}.Debug|Any CPU.Build.0 = Debug|Any CPU
		{7394899B-FBCC-40AB-B334-A0408C979121}.Release|Any CPU.ActiveCfg = Release|Any CPU
		{7394899B-FBCC-40AB-B334-A0408C979121}.Release|Any CPU.Build.0 = Release|Any CPU
		{25914EF3-5AAC-405E-AC63-170A9281ED8A}.Debug|Any CPU.ActiveCfg = Debug|Any CPU
		{25914EF3-5AAC-405E-AC63-170A9281ED8A}.Debug|Any CPU.Build.0 = Debug|Any CPU
		{25914EF3-5AAC-405E-AC63-170A9281ED8A}.Release|Any CPU.ActiveCfg = Release|Any CPU
		{25914EF3-5AAC-405E-AC63-170A9281ED8A}.Release|Any CPU.Build.0 = Release|Any CPU
		{D26FE959-1E77-4120-8D6D-2EB4E16B054F}.Debug|Any CPU.ActiveCfg = Debug|Any CPU
		{D26FE959-1E77-4120-8D6D-2EB4E16B054F}.Debug|Any CPU.Build.0 = Debug|Any CPU
		{D26FE959-1E77-4120-8D6D-2EB4E16B054F}.Release|Any CPU.ActiveCfg = Release|Any CPU
		{D26FE959-1E77-4120-8D6D-2EB4E16B054F}.Release|Any CPU.Build.0 = Release|Any CPU
		{D89B0F16-B494-4EFD-8582-6B2A6D5D83E3}.Debug|Any CPU.ActiveCfg = Debug|Any CPU
		{D89B0F16-B494-4EFD-8582-6B2A6D5D83E3}.Debug|Any CPU.Build.0 = Debug|Any CPU
		{D89B0F16-B494-4EFD-8582-6B2A6D5D83E3}.Release|Any CPU.ActiveCfg = Release|Any CPU
		{D89B0F16-B494-4EFD-8582-6B2A6D5D83E3}.Release|Any CPU.Build.0 = Release|Any CPU
		{189799FC-8ACF-4A51-8D9A-5F59648183AD}.Debug|Any CPU.ActiveCfg = Debug|Any CPU
		{189799FC-8ACF-4A51-8D9A-5F59648183AD}.Debug|Any CPU.Build.0 = Debug|Any CPU
		{189799FC-8ACF-4A51-8D9A-5F59648183AD}.Release|Any CPU.ActiveCfg = Release|Any CPU
		{189799FC-8ACF-4A51-8D9A-5F59648183AD}.Release|Any CPU.Build.0 = Release|Any CPU
		{764D76EA-F92A-4F09-8589-7AD871770815}.Debug|Any CPU.ActiveCfg = Debug|Any CPU
		{764D76EA-F92A-4F09-8589-7AD871770815}.Debug|Any CPU.Build.0 = Debug|Any CPU
		{764D76EA-F92A-4F09-8589-7AD871770815}.Release|Any CPU.ActiveCfg = Release|Any CPU
		{764D76EA-F92A-4F09-8589-7AD871770815}.Release|Any CPU.Build.0 = Release|Any CPU
		{16A064CC-7EA7-4B9B-8C14-C1223EC7FCF4}.Debug|Any CPU.ActiveCfg = Debug|Any CPU
		{16A064CC-7EA7-4B9B-8C14-C1223EC7FCF4}.Debug|Any CPU.Build.0 = Debug|Any CPU
		{16A064CC-7EA7-4B9B-8C14-C1223EC7FCF4}.Release|Any CPU.ActiveCfg = Release|Any CPU
		{16A064CC-7EA7-4B9B-8C14-C1223EC7FCF4}.Release|Any CPU.Build.0 = Release|Any CPU
	EndGlobalSection
	GlobalSection(SolutionProperties) = preSolution
		HideSolutionNode = FALSE
	EndGlobalSection
	GlobalSection(NestedProjects) = preSolution
		{F6B8F731-DFF5-4D9A-9D0E-6EDDAE7606E1} = {27B4439D-C506-456B-BA59-076C6AF9A056}
		{BF9870D5-4D3C-4962-95E7-B65BB31D5EBC} = {D3742362-AB1A-4904-BAFE-ECAFDA20D195}
		{F7B4BA40-6524-46FA-8252-409BBD03882F} = {D3742362-AB1A-4904-BAFE-ECAFDA20D195}
		{B5EED9F4-2DD5-46CE-BD0E-A3713650E99E} = {024BC1EB-EDA9-4D39-94CB-5E55E70C38B8}
		{25914EF3-5AAC-405E-AC63-170A9281ED8A} = {024BC1EB-EDA9-4D39-94CB-5E55E70C38B8}
		{D26FE959-1E77-4120-8D6D-2EB4E16B054F} = {024BC1EB-EDA9-4D39-94CB-5E55E70C38B8}
		{D89B0F16-B494-4EFD-8582-6B2A6D5D83E3} = {024BC1EB-EDA9-4D39-94CB-5E55E70C38B8}
		{189799FC-8ACF-4A51-8D9A-5F59648183AD} = {024BC1EB-EDA9-4D39-94CB-5E55E70C38B8}
		{764D76EA-F92A-4F09-8589-7AD871770815} = {024BC1EB-EDA9-4D39-94CB-5E55E70C38B8}
		{16A064CC-7EA7-4B9B-8C14-C1223EC7FCF4} = {024BC1EB-EDA9-4D39-94CB-5E55E70C38B8}
	EndGlobalSection
	GlobalSection(ExtensibilityGlobals) = postSolution
		SolutionGuid = {FF2A8DD5-6A2E-4B1F-BC7F-1BD8DBFEAAE0}
	EndGlobalSection
EndGlobal
